# box.lock — Generated by Runbox. Commit this file.
# Do not edit manually.

runbox_version = "0.1.1"
locked_at = 2026-05-29T22:06:47.154609Z

[box]
  name = "loom"
  version = "1"

[tools]
  [tools.go]
    constraint = ">=1.22"
    resolved = "1.24.12"
    path = "/usr/local/go/bin/go"

[env]
  GO111MODULE = "auto"
  GOTOOLCHAIN = "local"
  OLLAMA_HOST = "http://localhost:11434"
